// !$*UTF8*$!
{
	archiveVersion = 1;
	classes = {
	};
	objectVersion = 46;
	objects = {

/* Begin PBXGroup section */
		28BBB33B18C10FEB003F9236 = {
			isa = PBXGroup;
			children = (
			);
			sourceTree = "<group>";
		};
/* End PBXGroup section */

/* Begin PBXProject section */
		28BBB33C18C10FEB003F9236 /* Project object */ = {
			isa = PBXProject;
			attributes = {
				LastUpgradeCheck = 0500;
			};
			buildConfigurationList = 28BBB33F18C10FEB003F9236 /* Build configuration list for PBXProject "writelounge1" */;
			compatibilityVersion = "Xcode 3.2";
			developmentRegion = English;
			hasScannedForEncodings = 0;
			knownRegions = (
				en,
			);
			mainGroup = 28BBB33B18C10FEB003F9236;
			projectDirPath = "";
			projectRoot = "";
			targets = (
			);
		};
/* End PBXProject section */

/* Begin XCBuildConfiguration section */
		28BBB34018C10FEB003F9236 /* Debug */ = {
			isa = XCBuildConfiguration;
			buildSettings = {
			};
			name = Debug;
		};
		28BBB34118C10FEB003F9236 /* Release */ = {
			isa = XCBuildConfiguration;
			buildSettings = {
			};
			name = Release;
		};
/* End XCBuildConfiguration section */

/* Begin XCConfigurationList section */
		28BBB33F18C10FEB003F9236 /* Build configuration list for PBXProject "writelounge1" */ = {
			isa = XCConfigurationList;
			buildConfigurations = (
				28BBB34018C10FEB003F9236 /* Debug */,
				28BBB34118C10FEB003F9236 /* Release */,
			);
			defaultConfigurationIsVisible = 0;
			defaultConfigurationName = Release;
		};
/* End XCConfigurationList section */
	};
	rootObject = 28BBB33C18C10FEB003F9236 /* Project object */;
}
